{
  "name": "@opdb/relal",
  "version": "1.0.0-alpha.1",
  "lockfileVersion": 1,
  "requires": true,
  "dependencies": {
    "@types/is-blank": {
      "version": "2.1.0",
      "resolved": "https://registry.npmjs.org/@types/is-blank/-/is-blank-2.1.0.tgz",
      "integrity": "sha512-D8ZaMMhxD26yZe7fCkGyMuZ+Uu3/3N2gNOxfRIvZukhE2cRmOEWwM/25jTy0Io545Xk17P8FkRRr5Ohl50s9cA=="
    },
    "is-blank": {
      "version": "2.1.0",
      "resolved": "https://registry.npmjs.org/is-blank/-/is-blank-2.1.0.tgz",
      "integrity": "sha1-aac9PA1PQX3/+yB6J5XA8OV23gQ=",
      "requires": {
        "is-empty": "^1.2.0",
        "is-whitespace": "^0.3.0"
      }
    },
    "is-empty": {
      "version": "1.2.0",
      "resolved": "https://registry.npmjs.org/is-empty/-/is-empty-1.2.0.tgz",
      "integrity": "sha1-3pu1snhzigWgsJpX4ftNSjQan2s="
    },
    "is-whitespace": {
      "version": "0.3.0",
      "resolved": "https://registry.npmjs.org/is-whitespace/-/is-whitespace-0.3.0.tgz",
      "integrity": "sha1-Fjnssb4DauxppUy7QBz77XEUq38="
    }
  }
}
